<?xml version="1.0" encoding="utf-8"?>
<Project ToolsVersion="4.0" xmlns="http://schemas.microsoft.com/developer/msbuild/2003">
  <ItemGroup>
    <ClCompile Include="..\Classes\AppDelegate.cpp" />
    <ClCompile Include="..\Classes\HelloWorldScene.cpp" />
    <ClCompile Include="..\Classes\MapScene.cpp" />
    <ClCompile Include="..\Classes\LoadingScene.cpp" />
    <ClCompile Include="..\Classes\MainMenuScene.cpp" />
    <ClCompile Include="..\Classes\SelectScene.cpp" />
    <ClCompile Include="main.cpp" />
    <ClCompile Include="..\Classes\Level1Scene.cpp" />
    <ClCompile Include="..\Classes\ResourceManager.cpp" />
  </ItemGroup>
  <ItemGroup>
    <ClCompile Include="main.cpp">
      <Filter>win32</Filter>
    </ClCompile>
    <ClCompile Include="..\Classes\AppDelegate.cpp">
      <Filter>src</Filter>
    </ClCompile>
    <ClCompile Include="..\Classes\HelloWorldScene.cpp">
      <Filter>src</Filter>
    </ClCompile>
    <ClCompile Include="..\Classes\MainCharacter.cpp" />
    <ClCompile Include="..\Classes\HomeScene.cpp" />
    <ClCompile Include="..\Classes\LoadingScene.cpp">
      <Filter>src</Filter>
    </ClCompile>
    <ClCompile Include="..\Classes\MainMenuScene.cpp">
      <Filter>src</Filter>
    </ClCompile>
    <ClCompile Include="..\Classes\SelectScene.cpp">
      <Filter>src</Filter>
    </ClCompile>
  </ItemGroup>
  <ItemGroup>
    <ClInclude Include="..\Classes\MainCharacter.h" />
    <ClInclude Include="..\Classes\HomeScene.h" />
    <ClInclude Include="..\Classes\AppDelegate.h" />
    <ClInclude Include="..\Classes\HelloWorldScene.h" />
    <ClInclude Include="..\Classes\LoadingScene.h" />
    <ClInclude Include="..\Classes\MainMenuScene.h" />
    <ClInclude Include="..\Classes\SelectScene.h" />
    <ClInclude Include="main.h" />
    <ClInclude Include="..\Classes\ResourceManager.h" />
  </ItemGroup>
  <ItemGroup>
    <ClInclude Include="..\Classes\AppDelegate.h" />
    <ClInclude Include="..\Classes\HelloWorldScene.h" />
    <ClInclude Include="..\Classes\MapScene.h" />
    <ClInclude Include="..\Classes\LoadingScene.h" />
    <ClInclude Include="..\Classes\MainMenuScene.h" />
    <ClInclude Include="..\Classes\SelectScene.h" />
    <ClInclude Include="main.h" />
    <ClInclude Include="..\Classes\Level1Scene.h" />
  </ItemGroup>
  <ItemGroup>
    <ResourceCompile Include="game.rc" />
    <ResourceCompile Include="game.rc" />
  </ItemGroup>
</Project>